
Microsoft Visual Studio Solution File, Format Version 12.00
# Visual Studio Version 17
VisualStudioVersion = 17.14.36908.2
MinimumVisualStudioVersion = 10.0.40219.1
Project("{8BC9CEB8-8B4A-11D0-8D11-00A0C91BC942}") = "CompilerTest", "CompilerTest\CompilerTest.vcxproj", "{7D220985-1B73-420F-A485-8431EBD699AB}"
EndProject
Project("{8BC9CEB8-8B4A-11D0-8D11-00A0C91BC942}") = "InlineFunction", "InlineFunction\InlineFunction.vcxproj", "{6ECA9026-5B6A-4AFB-AF8B-F6A88CE1E425}"
EndProject
Project("{8BC9CEB8-8B4A-11D0-8D11-00A0C91BC942}") = "Pointer", "Pointer\Pointer.vcxproj", "{42464C4D-2554-4C48-B897-0300FD5307E6}"
EndProject
Project("{8BC9CEB8-8B4A-11D0-8D11-00A0C91BC942}") = "Reference", "Reference\Reference.vcxproj", "{47A712F9-699A-4597-A2AA-CEFEA22F388C}"
EndProject
Project("{8BC9CEB8-8B4A-11D0-8D11-00A0C91BC942}") = "Array", "Array\Array.vcxproj", "{CDA8CC75-5EBC-4F5D-90B4-DFCF3508ECE6}"
EndProject
Project("{8BC9CEB8-8B4A-11D0-8D11-00A0C91BC942}") = "String", "String\String.vcxproj", "{D601066E-21E9-4A8D-B98C-B3D5E6104807}"
EndProject
Global
	GlobalSection(SolutionConfigurationPlatforms) = preSolution
		Debug|x64 = Debug|x64
		Debug|x86 = Debug|x86
		Release|x64 = Release|x64
		Release|x86 = Release|x86
	EndGlobalSection
	GlobalSection(ProjectConfigurationPlatforms) = postSolution
		{7D220985-1B73-420F-A485-8431EBD699AB}.Debug|x64.ActiveCfg = Debug|x64
		{7D220985-1B73-420F-A485-8431EBD699AB}.Debug|x64.Build.0 = Debug|x64
		{7D220985-1B73-420F-A485-8431EBD699AB}.Debug|x86.ActiveCfg = Debug|Win32
		{7D220985-1B73-420F-A485-8431EBD699AB}.Debug|x86.Build.0 = Debug|Win32
		{7D220985-1B73-420F-A485-8431EBD699AB}.Release|x64.ActiveCfg = Release|x64
		{7D220985-1B73-420F-A485-8431EBD699AB}.Release|x64.Build.0 = Release|x64
		{7D220985-1B73-420F-A485-8431EBD699AB}.Release|x86.ActiveCfg = Release|Win32
		{7D220985-1B73-420F-A485-8431EBD699AB}.Release|x86.Build.0 = Release|Win32
		{6ECA9026-5B6A-4AFB-AF8B-F6A88CE1E425}.Debug|x64.ActiveCfg = Debug|x64
		{6ECA9026-5B6A-4AFB-AF8B-F6A88CE1E425}.Debug|x64.Build.0 = Debug|x64
		{6ECA9026-5B6A-4AFB-AF8B-F6A88CE1E425}.Debug|x86.ActiveCfg = Debug|Win32
		{6ECA9026-5B6A-4AFB-AF8B-F6A88CE1E425}.Debug|x86.Build.0 = Debug|Win32
		{6ECA9026-5B6A-4AFB-AF8B-F6A88CE1E425}.Release|x64.ActiveCfg = Release|x64
		{6ECA9026-5B6A-4AFB-AF8B-F6A88CE1E425}.Release|x64.Build.0 = Release|x64
		{6ECA9026-5B6A-4AFB-AF8B-F6A88CE1E425}.Release|x86.ActiveCfg = Release|Win32
		{6ECA9026-5B6A-4AFB-AF8B-F6A88CE1E425}.Release|x86.Build.0 = Release|Win32
		{42464C4D-2554-4C48-B897-0300FD5307E6}.Debug|x64.ActiveCfg = Debug|x64
		{42464C4D-2554-4C48-B897-0300FD5307E6}.Debug|x64.Build.0 = Debug|x64
		{42464C4D-2554-4C48-B897-0300FD5307E6}.Debug|x86.ActiveCfg = Debug|Win32
		{42464C4D-2554-4C48-B897-0300FD5307E6}.Debug|x86.Build.0 = Debug|Win32
		{42464C4D-2554-4C48-B897-0300FD5307E6}.Release|x64.ActiveCfg = Release|x64
		{42464C4D-2554-4C48-B897-0300FD5307E6}.Release|x64.Build.0 = Release|x64
		{42464C4D-2554-4C48-B897-0300FD5307E6}.Release|x86.ActiveCfg = Release|Win32
		{42464C4D-2554-4C48-B897-0300FD5307E6}.Release|x86.Build.0 = Release|Win32
		{47A712F9-699A-4597-A2AA-CEFEA22F388C}.Debug|x64.ActiveCfg = Debug|x64
		{47A712F9-699A-4597-A2AA-CEFEA22F388C}.Debug|x64.Build.0 = Debug|x64
		{47A712F9-699A-4597-A2AA-CEFEA22F388C}.Debug|x86.ActiveCfg = Debug|Win32
		{47A712F9-699A-4597-A2AA-CEFEA22F388C}.Debug|x86.Build.0 = Debug|Win32
		{47A712F9-699A-4597-A2AA-CEFEA22F388C}.Release|x64.ActiveCfg = Release|x64
		{47A712F9-699A-4597-A2AA-CEFEA22F388C}.Release|x64.Build.0 = Release|x64
		{47A712F9-699A-4597-A2AA-CEFEA22F388C}.Release|x86.ActiveCfg = Release|Win32
		{47A712F9-699A-4597-A2AA-CEFEA22F388C}.Release|x86.Build.0 = Release|Win32
		{CDA8CC75-5EBC-4F5D-90B4-DFCF3508ECE6}.Debug|x64.ActiveCfg = Debug|x64
		{CDA8CC75-5EBC-4F5D-90B4-DFCF3508ECE6}.Debug|x64.Build.0 = Debug|x64
		{CDA8CC75-5EBC-4F5D-90B4-DFCF3508ECE6}.Debug|x86.ActiveCfg = Debug|Win32
		{CDA8CC75-5EBC-4F5D-90B4-DFCF3508ECE6}.Debug|x86.Build.0 = Debug|Win32
		{CDA8CC75-5EBC-4F5D-90B4-DFCF3508ECE6}.Release|x64.ActiveCfg = Release|x64
		{CDA8CC75-5EBC-4F5D-90B4-DFCF3508ECE6}.Release|x64.Build.0 = Release|x64
		{CDA8CC75-5EBC-4F5D-90B4-DFCF3508ECE6}.Release|x86.ActiveCfg = Release|Win32
		{CDA8CC75-5EBC-4F5D-90B4-DFCF3508ECE6}.Release|x86.Build.0 = Release|Win32
		{D601066E-21E9-4A8D-B98C-B3D5E6104807}.Debug|x64.ActiveCfg = Debug|x64
		{D601066E-21E9-4A8D-B98C-B3D5E6104807}.Debug|x64.Build.0 = Debug|x64
		{D601066E-21E9-4A8D-B98C-B3D5E6104807}.Debug|x86.ActiveCfg = Debug|Win32
		{D601066E-21E9-4A8D-B98C-B3D5E6104807}.Debug|x86.Build.0 = Debug|Win32
		{D601066E-21E9-4A8D-B98C-B3D5E6104807}.Release|x64.ActiveCfg = Release|x64
		{D601066E-21E9-4A8D-B98C-B3D5E6104807}.Release|x64.Build.0 = Release|x64
		{D601066E-21E9-4A8D-B98C-B3D5E6104807}.Release|x86.ActiveCfg = Release|Win32
		{D601066E-21E9-4A8D-B98C-B3D5E6104807}.Release|x86.Build.0 = Release|Win32
	EndGlobalSection
	GlobalSection(SolutionProperties) = preSolution
		HideSolutionNode = FALSE
	EndGlobalSection
	GlobalSection(ExtensibilityGlobals) = postSolution
		SolutionGuid = {66376702-D05A-4B0F-8C07-BBDA0E2F91E0}
	EndGlobalSection
EndGlobal
